
Microsoft Visual Studio Solution File, Format Version 12.00
# Visual Studio Version 17
VisualStudioVersion = 17.0.31919.166
MinimumVisualStudioVersion = 10.0.40219.1
Project("{FAE04EC0-301F-11D3-BF4B-00C04F79EFBC}") = "PayCal API", "PayCal API\PayCal API.csproj", "{CE04295F-14CC-4100-9133-020BC4EE6C5A}"
EndProject
Project("{9A19103F-16F7-4668-BE54-9A1E7A4F7556}") = "PayCal", "..\PayCal\PayCal\PayCal.csproj", "{A995A623-45D0-48AA-9CA0-BF7380594DC3}"
EndProject
Global
	GlobalSection(SolutionConfigurationPlatforms) = preSolution
		Debug|Any CPU = Debug|Any CPU
		Release|Any CPU = Release|Any CPU
	EndGlobalSection
	GlobalSection(ProjectConfigurationPlatforms) = postSolution
		{CE04295F-14CC-4100-9133-020BC4EE6C5A}.Debug|Any CPU.ActiveCfg = Debug|Any CPU
		{CE04295F-14CC-4100-9133-020BC4EE6C5A}.Debug|Any CPU.Build.0 = Debug|Any CPU
		{CE04295F-14CC-4100-9133-020BC4EE6C5A}.Release|Any CPU.ActiveCfg = Release|Any CPU
		{CE04295F-14CC-4100-9133-020BC4EE6C5A}.Release|Any CPU.Build.0 = Release|Any CPU
		{A995A623-45D0-48AA-9CA0-BF7380594DC3}.Debug|Any CPU.ActiveCfg = Debug|Any CPU
		{A995A623-45D0-48AA-9CA0-BF7380594DC3}.Debug|Any CPU.Build.0 = Debug|Any CPU
		{A995A623-45D0-48AA-9CA0-BF7380594DC3}.Release|Any CPU.ActiveCfg = Release|Any CPU
		{A995A623-45D0-48AA-9CA0-BF7380594DC3}.Release|Any CPU.Build.0 = Release|Any CPU
	EndGlobalSection
	GlobalSection(SolutionProperties) = preSolution
		HideSolutionNode = FALSE
	EndGlobalSection
	GlobalSection(ExtensibilityGlobals) = postSolution
		SolutionGuid = {857266CF-6395-431F-904C-A034286B622D}
	EndGlobalSection
EndGlobal
